
Microsoft Visual Studio Solution File, Format Version 12.00
# Visual Studio Version 17
VisualStudioVersion = 17.5.33516.290
MinimumVisualStudioVersion = 10.0.40219.1
Project("{FAE04EC0-301F-11D3-BF4B-00C04F79EFBC}") = "OtelRezervasyon", "OtelRezervasyon.csproj", "{6EFABA59-6205-4745-B0F5-3E79C6C85C60}"
EndProject
Global
	GlobalSection(SolutionConfigurationPlatforms) = preSolution
		Debug|Any CPU = Debug|Any CPU
		Release|Any CPU = Release|Any CPU
	EndGlobalSection
	GlobalSection(ProjectConfigurationPlatforms) = postSolution
		{6EFABA59-6205-4745-B0F5-3E79C6C85C60}.Debug|Any CPU.ActiveCfg = Debug|Any CPU
		{6EFABA59-6205-4745-B0F5-3E79C6C85C60}.Debug|Any CPU.Build.0 = Debug|Any CPU
		{6EFABA59-6205-4745-B0F5-3E79C6C85C60}.Release|Any CPU.ActiveCfg = Release|Any CPU
		{6EFABA59-6205-4745-B0F5-3E79C6C85C60}.Release|Any CPU.Build.0 = Release|Any CPU
	EndGlobalSection
	GlobalSection(SolutionProperties) = preSolution
		HideSolutionNode = FALSE
	EndGlobalSection
	GlobalSection(ExtensibilityGlobals) = postSolution
		SolutionGuid = {C790908E-A30B-4973-A013-CED8BEA5D5D4}
	EndGlobalSection
EndGlobal
